
Microsoft Visual Studio Solution File, Format Version 12.00
# Visual Studio 15
VisualStudioVersion = 15.0.26730.12
MinimumVisualStudioVersion = 10.0.40219.1
Project("{FAE04EC0-301F-11D3-BF4B-00C04F79EFBC}") = "sampleapp", "sampleapp.csproj", "{59C1197D-62BE-0E77-1554-5B9FC8FD6575}"
EndProject
Project("{FAE04EC0-301F-11D3-BF4B-00C04F79EFBC}") = "sampleapp.Editor", "sampleapp.Editor.csproj", "{AEB4FF11-7BEA-53FC-907A-EEE040B2881D}"
EndProject
Global
	GlobalSection(SolutionConfigurationPlatforms) = preSolution
		Debug|Any CPU = Debug|Any CPU
		Release|Any CPU = Release|Any CPU
	EndGlobalSection
	GlobalSection(ProjectConfigurationPlatforms) = postSolution
		{59C1197D-62BE-0E77-1554-5B9FC8FD6575}.Debug|Any CPU.ActiveCfg = Debug|Any CPU
		{59C1197D-62BE-0E77-1554-5B9FC8FD6575}.Debug|Any CPU.Build.0 = Debug|Any CPU
		{59C1197D-62BE-0E77-1554-5B9FC8FD6575}.Release|Any CPU.ActiveCfg = Release|Any CPU
		{59C1197D-62BE-0E77-1554-5B9FC8FD6575}.Release|Any CPU.Build.0 = Release|Any CPU
		{AEB4FF11-7BEA-53FC-907A-EEE040B2881D}.Debug|Any CPU.ActiveCfg = Debug|Any CPU
		{AEB4FF11-7BEA-53FC-907A-EEE040B2881D}.Debug|Any CPU.Build.0 = Debug|Any CPU
		{AEB4FF11-7BEA-53FC-907A-EEE040B2881D}.Release|Any CPU.ActiveCfg = Release|Any CPU
		{AEB4FF11-7BEA-53FC-907A-EEE040B2881D}.Release|Any CPU.Build.0 = Release|Any CPU
	EndGlobalSection
	GlobalSection(SolutionProperties) = preSolution
		HideSolutionNode = FALSE
	EndGlobalSection
	GlobalSection(ExtensibilityGlobals) = postSolution
		SolutionGuid = {A442D086-3E1C-4F20-ABE6-BBDEC65EFA29}
	EndGlobalSection
EndGlobal
