
Microsoft Visual Studio Solution File, Format Version 12.00
# Visual Studio 15
VisualStudioVersion = 15.0.28010.2041
MinimumVisualStudioVersion = 10.0.40219.1
Project("{FAE04EC0-301F-11D3-BF4B-00C04F79EFBC}") = "App1.Android", "App1\App1.Android\App1.Android.csproj", "{F2151C44-2A7F-4F74-9909-EA59F90BEFFE}"
EndProject
Project("{FAE04EC0-301F-11D3-BF4B-00C04F79EFBC}") = "App1", "App1\App1\App1.csproj", "{A32DA12A-6537-48FC-B82B-81320D46EA69}"
EndProject
Global
	GlobalSection(SolutionConfigurationPlatforms) = preSolution
		Debug|Any CPU = Debug|Any CPU
		Release|Any CPU = Release|Any CPU
	EndGlobalSection
	GlobalSection(ProjectConfigurationPlatforms) = postSolution
		{F2151C44-2A7F-4F74-9909-EA59F90BEFFE}.Debug|Any CPU.ActiveCfg = Debug|Any CPU
		{F2151C44-2A7F-4F74-9909-EA59F90BEFFE}.Debug|Any CPU.Build.0 = Debug|Any CPU
		{F2151C44-2A7F-4F74-9909-EA59F90BEFFE}.Debug|Any CPU.Deploy.0 = Debug|Any CPU
		{F2151C44-2A7F-4F74-9909-EA59F90BEFFE}.Release|Any CPU.ActiveCfg = Release|Any CPU
		{F2151C44-2A7F-4F74-9909-EA59F90BEFFE}.Release|Any CPU.Build.0 = Release|Any CPU
		{F2151C44-2A7F-4F74-9909-EA59F90BEFFE}.Release|Any CPU.Deploy.0 = Release|Any CPU
		{A32DA12A-6537-48FC-B82B-81320D46EA69}.Debug|Any CPU.ActiveCfg = Debug|Any CPU
		{A32DA12A-6537-48FC-B82B-81320D46EA69}.Debug|Any CPU.Build.0 = Debug|Any CPU
		{A32DA12A-6537-48FC-B82B-81320D46EA69}.Release|Any CPU.ActiveCfg = Release|Any CPU
		{A32DA12A-6537-48FC-B82B-81320D46EA69}.Release|Any CPU.Build.0 = Release|Any CPU
	EndGlobalSection
	GlobalSection(SolutionProperties) = preSolution
		HideSolutionNode = FALSE
	EndGlobalSection
	GlobalSection(ExtensibilityGlobals) = postSolution
		SolutionGuid = {89824999-A9D0-40AE-9331-AD8CD6EE376E}
	EndGlobalSection
EndGlobal
